<?xml version="1.0" encoding="utf-8"?>
<Project ToolsVersion="4.0" xmlns="http://schemas.microsoft.com/developer/msbuild/2003">
  <ItemGroup>
    <Filter Include="Source Files">
      <UniqueIdentifier>{4FC737F1-C7A5-4376-A066-2A32D752A2FF}</UniqueIdentifier>
      <Extensions>cpp;c;cc;cxx;c++;cppm;ixx;def;odl;idl;hpj;bat;asm;asmx</Extensions>
    </Filter>
    <Filter Include="Header Files">
      <UniqueIdentifier>{93995380-89BD-4b04-88EB-625FBE52EBFB}</UniqueIdentifier>
      <Extensions>h;hh;hpp;hxx;h++;hm;inl;inc;ipp;xsd</Extensions>
    </Filter>
    <Filter Include="Resource Files">
      <UniqueIdentifier>{67DA6AB6-F800-4c08-8B7A-83BB121AAD01}</UniqueIdentifier>
      <Extensions>rc;ico;cur;bmp;dlg;rc2;rct;bin;rgs;gif;jpg;jpeg;jpe;resx;tiff;tif;png;wav;mfcribbon-ms</Extensions>
    </Filter>
  </ItemGroup>
  <ItemGroup>
    <ClCompile Include="main.cpp">
      <Filter>Source Files</Filter>
    </ClCompile>
    <ClCompile Include="cli_command.cpp">
      <Filter>Source Files</Filter>
    </ClCompile>
    <ClCompile Include="command.cpp">
      <Filter>Source Files</Filter>
    </ClCompile>
    <ClCompile Include="out.cpp">
      <Filter>Source Files</Filter>
    </ClCompile>
    <ClCompile Include="file_output.cpp">
      <Filter>Source Files</Filter>
    </ClCompile>
    <ClCompile Include="env_vars.cpp">
      <Filter>Source Files</Filter>
    </ClCompile>
    <ClCompile Include="echo_command.cpp">
      <Filter>Source Files</Filter>
    </ClCompile>
    <ClCompile Include="utils.cpp">
      <Filter>Source Files</Filter>
    </ClCompile>
    <ClCompile Include="file_reader.cpp">
      <Filter>Source Files</Filter>
    </ClCompile>
    <ClCompile Include="cat_command.cpp">
      <Filter>Source Files</Filter>
    </ClCompile>
    <ClCompile Include="cd_command.cpp">
      <Filter>Source Files</Filter>
    </ClCompile>
    <ClCompile Include="ls_command.cpp">
      <Filter>Source Files</Filter>
    </ClCompile>
    <ClCompile Include="help_command.cpp">
      <Filter>Source Files</Filter>
    </ClCompile>
  </ItemGroup>
  <ItemGroup>
    <ClInclude Include="cli_command.h">
      <Filter>Header Files</Filter>
    </ClInclude>
    <ClInclude Include="command.h">
      <Filter>Header Files</Filter>
    </ClInclude>
    <ClInclude Include="out.h">
      <Filter>Header Files</Filter>
    </ClInclude>
    <ClInclude Include="constants.h">
      <Filter>Header Files</Filter>
    </ClInclude>
    <ClInclude Include="env_vars.h">
      <Filter>Header Files</Filter>
    </ClInclude>
    <ClInclude Include="file_output.h">
      <Filter>Header Files</Filter>
    </ClInclude>
    <ClInclude Include="echo_command.h">
      <Filter>Header Files</Filter>
    </ClInclude>
    <ClInclude Include="utils.h">
      <Filter>Header Files</Filter>
    </ClInclude>
    <ClInclude Include="file_reader.h">
      <Filter>Header Files</Filter>
    </ClInclude>
    <ClInclude Include="cat_command.h">
      <Filter>Header Files</Filter>
    </ClInclude>
    <ClInclude Include="cd_command.h">
      <Filter>Header Files</Filter>
    </ClInclude>
    <ClInclude Include="ls_command.h">
      <Filter>Header Files</Filter>
    </ClInclude>
    <ClInclude Include="help_command.h">
      <Filter>Header Files</Filter>
    </ClInclude>
    <ClInclude Include="help_messages.h">
      <Filter>Header Files</Filter>
    </ClInclude>
  </ItemGroup>
  <ItemGroup>
    <None Include=".gitignore">
      <Filter>Resource Files</Filter>
    </None>
  </ItemGroup>
</Project>